
Microsoft Visual Studio Solution File, Format Version 12.00
# Visual Studio 15
VisualStudioVersion = 15.0.27130.2027
MinimumVisualStudioVersion = 10.0.40219.1
Project("{FAE04EC0-301F-11D3-BF4B-00C04F79EFBC}") = "Delphinus-Yachts", "Delphinus-Yachts\Delphinus-Yachts.csproj", "{09DBA335-02EC-4677-9B13-4BAD8F9FEC7A}"
EndProject
Global
	GlobalSection(SolutionConfigurationPlatforms) = preSolution
		Debug|Any CPU = Debug|Any CPU
		Release|Any CPU = Release|Any CPU
	EndGlobalSection
	GlobalSection(ProjectConfigurationPlatforms) = postSolution
		{09DBA335-02EC-4677-9B13-4BAD8F9FEC7A}.Debug|Any CPU.ActiveCfg = Debug|Any CPU
		{09DBA335-02EC-4677-9B13-4BAD8F9FEC7A}.Debug|Any CPU.Build.0 = Debug|Any CPU
		{09DBA335-02EC-4677-9B13-4BAD8F9FEC7A}.Release|Any CPU.ActiveCfg = Release|Any CPU
		{09DBA335-02EC-4677-9B13-4BAD8F9FEC7A}.Release|Any CPU.Build.0 = Release|Any CPU
	EndGlobalSection
	GlobalSection(SolutionProperties) = preSolution
		HideSolutionNode = FALSE
	EndGlobalSection
	GlobalSection(ExtensibilityGlobals) = postSolution
		SolutionGuid = {E8593402-875F-4EE4-9198-55100FAAF2C3}
	EndGlobalSection
EndGlobal
